
Microsoft Visual Studio Solution File, Format Version 12.00
# Visual Studio Version 17
VisualStudioVersion = 17.10.34928.147
MinimumVisualStudioVersion = 10.0.40219.1
Project("{FAE04EC0-301F-11D3-BF4B-00C04F79EFBC}") = "Labb1Implementera", "Labb1Implementera\Labb1Implementera.csproj", "{8A838EB2-259C-485A-B9F7-B398FB5CF607}"
EndProject
Global
	GlobalSection(SolutionConfigurationPlatforms) = preSolution
		Debug|Any CPU = Debug|Any CPU
		Release|Any CPU = Release|Any CPU
	EndGlobalSection
	GlobalSection(ProjectConfigurationPlatforms) = postSolution
		{8A838EB2-259C-485A-B9F7-B398FB5CF607}.Debug|Any CPU.ActiveCfg = Debug|Any CPU
		{8A838EB2-259C-485A-B9F7-B398FB5CF607}.Debug|Any CPU.Build.0 = Debug|Any CPU
		{8A838EB2-259C-485A-B9F7-B398FB5CF607}.Release|Any CPU.ActiveCfg = Release|Any CPU
		{8A838EB2-259C-485A-B9F7-B398FB5CF607}.Release|Any CPU.Build.0 = Release|Any CPU
	EndGlobalSection
	GlobalSection(SolutionProperties) = preSolution
		HideSolutionNode = FALSE
	EndGlobalSection
	GlobalSection(ExtensibilityGlobals) = postSolution
		SolutionGuid = {80883716-E3D2-48E9-B2E2-9D415B455ABC}
	EndGlobalSection
EndGlobal
